{
  "object": {
    "pins": [
      {
        "package": "CodableURL",
        "repositoryURL": "https://github.com/kateinoigakukun/CodableURL.git",
        "state": {
          "branch": null,
          "revision": "8da9d723c71555a1373563e52acb18588dcbf5a8",
          "version": "0.3.0"
        }
      }
    ]
  },
  "version": 1
}
