{
  "object": {
    "pins": [
      {
        "package": "CodableURL",
        "repositoryURL": "https://github.com/kateinoigakukun/CodableURL.git",
        "state": {
          "branch": null,
          "revision": "317654192bec63c29dd6a92ebf11e1b0a2ea2a03",
          "version": "0.2.0"
        }
      }
    ]
  },
  "version": 1
}
