{
  "object": {
    "pins": [
      {
        "package": "async-http-client",
        "repositoryURL": "https://github.com/swift-server/async-http-client.git",
        "state": {
          "branch": null,
          "revision": "0a8dddbe15cd72f7bb5e47951fb7c1eb0836dfc2",
          "version": "1.2.2"
        }
      },
      {
        "package": "CodableURL",
        "repositoryURL": "https://github.com/kateinoigakukun/CodableURL.git",
        "state": {
          "branch": null,
          "revision": "801e2129140d484ca1420398cf481e6ea7c50d65",
          "version": "0.3.1"
        }
      },
      {
        "package": "HypertextApplicationLanguage",
        "repositoryURL": "https://github.com/swift-aws/HypertextApplicationLanguage.git",
        "state": {
          "branch": null,
          "revision": "aa2c9141d491682f17b2310aed17b9adfc006256",
          "version": "1.1.1"
        }
      },
      {
        "package": "INIParser",
        "repositoryURL": "https://github.com/swift-aws/Perfect-INIParser.git",
        "state": {
          "branch": null,
          "revision": "42de0efc7a01105e19b80d533d3d282a98277f6c",
          "version": "3.0.3"
        }
      },
      {
        "package": "AWSSDKSwift",
        "repositoryURL": "https://github.com/soto-project/soto.git",
        "state": {
          "branch": null,
          "revision": "b402b8a434ca39f24d189289ab93fbee96664502",
          "version": "4.9.0"
        }
      },
      {
        "package": "AWSSDKSwiftCore",
        "repositoryURL": "https://github.com/soto-project/soto-core.git",
        "state": {
          "branch": null,
          "revision": "856a7df0c15763de4f9f3e3d7baea4a8aa009d22",
          "version": "4.7.2"
        }
      },
      {
        "package": "StubKit",
        "repositoryURL": "https://github.com/kateinoigakukun/StubKit.git",
        "state": {
          "branch": null,
          "revision": "6d3c5d8dec873b8b0c4e4ae5832cb91218b8f858",
          "version": "0.1.7"
        }
      },
      {
        "package": "swift-log",
        "repositoryURL": "https://github.com/apple/swift-log.git",
        "state": {
          "branch": null,
          "revision": "173f567a2dfec11d74588eea82cecea555bdc0bc",
          "version": "1.4.0"
        }
      },
      {
        "package": "swift-nio",
        "repositoryURL": "https://github.com/apple/swift-nio.git",
        "state": {
          "branch": null,
          "revision": "43931b7a7daf8120a487601530c8bc03ce711992",
          "version": "2.25.1"
        }
      },
      {
        "package": "swift-nio-extras",
        "repositoryURL": "https://github.com/apple/swift-nio-extras.git",
        "state": {
          "branch": null,
          "revision": "e5b5d191a80667a14827bfeb0ae4a511f7677942",
          "version": "1.7.0"
        }
      },
      {
        "package": "swift-nio-ssl",
        "repositoryURL": "https://github.com/apple/swift-nio-ssl.git",
        "state": {
          "branch": null,
          "revision": "62bf5083df970e67c886210fa5b857eacf044b7c",
          "version": "2.10.2"
        }
      },
      {
        "package": "swift-nio-transport-services",
        "repositoryURL": "https://github.com/apple/swift-nio-transport-services.git",
        "state": {
          "branch": null,
          "revision": "5a352330c09a323e59ebd99afdf4ca3964c217bc",
          "version": "1.9.1"
        }
      }
    ]
  },
  "version": 1
}
